
Microsoft Visual Studio Solution File, Format Version 12.00
# Visual Studio 15
VisualStudioVersion = 15.0.27428.2011
MinimumVisualStudioVersion = 10.0.40219.1
Project("{FAE04EC0-301F-11D3-BF4B-00C04F79EFBC}") = "UtopianTreeConsole", "UtopianTreeConsole\UtopianTreeConsole.csproj", "{B3AF6A2B-23B4-4271-865F-F2EE5D4E853D}"
EndProject
Global
	GlobalSection(SolutionConfigurationPlatforms) = preSolution
		Debug|Any CPU = Debug|Any CPU
		Release|Any CPU = Release|Any CPU
	EndGlobalSection
	GlobalSection(ProjectConfigurationPlatforms) = postSolution
		{B3AF6A2B-23B4-4271-865F-F2EE5D4E853D}.Debug|Any CPU.ActiveCfg = Debug|Any CPU
		{B3AF6A2B-23B4-4271-865F-F2EE5D4E853D}.Debug|Any CPU.Build.0 = Debug|Any CPU
		{B3AF6A2B-23B4-4271-865F-F2EE5D4E853D}.Release|Any CPU.ActiveCfg = Release|Any CPU
		{B3AF6A2B-23B4-4271-865F-F2EE5D4E853D}.Release|Any CPU.Build.0 = Release|Any CPU
	EndGlobalSection
	GlobalSection(SolutionProperties) = preSolution
		HideSolutionNode = FALSE
	EndGlobalSection
	GlobalSection(ExtensibilityGlobals) = postSolution
		SolutionGuid = {7C9AAF01-0DF7-4C24-B397-F6C3AB483362}
	EndGlobalSection
EndGlobal
